{
  "pins" : [
    {
      "identity" : "skip",
      "kind" : "remoteSourceControl",
      "location" : "https://source.skip.tools/skip.git",
      "state" : {
        "revision" : "56780bca797a6f5d97a76a47107d8d8f64ae0c21",
        "version" : "1.1.23"
      }
    },
    {
      "identity" : "skip-foundation",
      "kind" : "remoteSourceControl",
      "location" : "https://source.skip.tools/skip-foundation.git",
      "state" : {
        "revision" : "00c868b59e6d2704ac90a2415e2301bea5d02a8e",
        "version" : "1.1.15"
      }
    },
    {
      "identity" : "skip-lib",
      "kind" : "remoteSourceControl",
      "location" : "https://source.skip.tools/skip-lib.git",
      "state" : {
        "revision" : "e290d4d70071f877e3a682023a57d002c4ad7b6d",
        "version" : "1.2.1"
      }
    },
    {
      "identity" : "skip-model",
      "kind" : "remoteSourceControl",
      "location" : "https://source.skip.tools/skip-model.git",
      "state" : {
        "revision" : "d46f808e02ab7ac3b048e2e9499b3dc80cb0d102",
        "version" : "1.3.2"
      }
    },
    {
      "identity" : "skip-ui",
      "kind" : "remoteSourceControl",
      "location" : "https://source.skip.tools/skip-ui.git",
      "state" : {
        "revision" : "a43744f69c94d252ddd489d55241968d477470e1",
        "version" : "1.14.0"
      }
    },
    {
      "identity" : "skip-unit",
      "kind" : "remoteSourceControl",
      "location" : "https://source.skip.tools/skip-unit.git",
      "state" : {
        "revision" : "025d7240090310caeb5a3bef68ff61e0576ea605",
        "version" : "1.0.1"
      }
    }
  ],
  "version" : 2
}
